
Microsoft Visual Studio Solution File, Format Version 12.00
Project("{2150E333-8FDC-42A3-9474-1A3956D46DE8}") = "00.Packages", "00.Packages", "{3F8C3F52-AF6A-4168-AB70-A4E94363E1A5}"
EndProject
Project("{2150E333-8FDC-42A3-9474-1A3956D46DE8}") = "01.Core", "01.Core", "{ABBD41F4-A6FA-41A7-8A7E-3491D54B4B5D}"
EndProject
Project("{2150E333-8FDC-42A3-9474-1A3956D46DE8}") = "02.Infrastrucure", "02.Infrastrucure", "{46DA0FB2-36FB-44A5-BA4C-0F47C9842109}"
EndProject
Project("{2150E333-8FDC-42A3-9474-1A3956D46DE8}") = "03.Persentation", "03.Persentation", "{BE707E6B-D4EF-48E9-9213-0617F92615C2}"
EndProject
Project("{FAE04EC0-301F-11D3-BF4B-00C04F79EFBC}") = "Journalism.TaavContracts", "Journalism.TaavContracts\Journalism.TaavContracts.csproj", "{481D410A-8483-4F66-A413-91440B595035}"
EndProject
Project("{2150E333-8FDC-42A3-9474-1A3956D46DE8}") = "Src", "Src", "{96260641-3D66-49B9-88C9-A458EF02AFDE}"
EndProject
Project("{2150E333-8FDC-42A3-9474-1A3956D46DE8}") = "Tests", "Tests", "{0327362F-B3FC-4634-A3E8-1C7091DF9C58}"
EndProject
Project("{FAE04EC0-301F-11D3-BF4B-00C04F79EFBC}") = "Journalism.Spec.Tests", "Journalism.Spec.Tests\Journalism.Spec.Tests.csproj", "{4B5026FC-C04A-4143-87A5-C554645B3E7B}"
EndProject
Project("{FAE04EC0-301F-11D3-BF4B-00C04F79EFBC}") = "Journalism.Unit.Tests", "Journalism.Unit.Tests\Journalism.Unit.Tests.csproj", "{46835C6E-2DC7-4C5C-A213-1737AE541F5A}"
EndProject
Project("{FAE04EC0-301F-11D3-BF4B-00C04F79EFBC}") = "Journalism.Test.Tools", "Journalism.Test.Tools\Journalism.Test.Tools.csproj", "{070D383C-9F04-4252-8ABE-F8F2CDC8062E}"
EndProject
Project("{FAE04EC0-301F-11D3-BF4B-00C04F79EFBC}") = "Journalism.Entites", "Journalism.Entites\Journalism.Entites.csproj", "{7FF8EADD-EA9A-478C-9051-CFBCD50E9D38}"
EndProject
Project("{FAE04EC0-301F-11D3-BF4B-00C04F79EFBC}") = "Journalism.Services", "Journalism.Services\Journalism.Services.csproj", "{FBD577E5-FC9A-4139-BBA2-91EF26FF8F0D}"
EndProject
Project("{FAE04EC0-301F-11D3-BF4B-00C04F79EFBC}") = "Journalism.Migrations", "Journalism.Migrations\Journalism.Migrations.csproj", "{17CCF703-79E6-4DE8-9A41-512A1A4A2C20}"
EndProject
Project("{FAE04EC0-301F-11D3-BF4B-00C04F79EFBC}") = "Journalism.Persistance.EF", "Journalism.Persistance.EF\Journalism.Persistance.EF.csproj", "{0318789C-B1D9-4FF6-8F2C-8467703BB34A}"
EndProject
Project("{FAE04EC0-301F-11D3-BF4B-00C04F79EFBC}") = "Journalism.RestApi", "Journalism.RestApi\Journalism.RestApi.csproj", "{95028975-0458-46D3-856C-525B33BA5847}"
EndProject
Project("{FAE04EC0-301F-11D3-BF4B-00C04F79EFBC}") = "Journalism.Infrastructure", "Journalism.Infrastructure\Journalism.Infrastructure.csproj", "{3DBDF9BD-4930-4D58-A6A1-300AD3F20CA1}"
EndProject
Global
	GlobalSection(SolutionConfigurationPlatforms) = preSolution
		Debug|Any CPU = Debug|Any CPU
		Release|Any CPU = Release|Any CPU
	EndGlobalSection
	GlobalSection(NestedProjects) = preSolution
		{481D410A-8483-4F66-A413-91440B595035} = {3F8C3F52-AF6A-4168-AB70-A4E94363E1A5}
		{3F8C3F52-AF6A-4168-AB70-A4E94363E1A5} = {96260641-3D66-49B9-88C9-A458EF02AFDE}
		{ABBD41F4-A6FA-41A7-8A7E-3491D54B4B5D} = {96260641-3D66-49B9-88C9-A458EF02AFDE}
		{46DA0FB2-36FB-44A5-BA4C-0F47C9842109} = {96260641-3D66-49B9-88C9-A458EF02AFDE}
		{BE707E6B-D4EF-48E9-9213-0617F92615C2} = {96260641-3D66-49B9-88C9-A458EF02AFDE}
		{4B5026FC-C04A-4143-87A5-C554645B3E7B} = {0327362F-B3FC-4634-A3E8-1C7091DF9C58}
		{46835C6E-2DC7-4C5C-A213-1737AE541F5A} = {0327362F-B3FC-4634-A3E8-1C7091DF9C58}
		{070D383C-9F04-4252-8ABE-F8F2CDC8062E} = {0327362F-B3FC-4634-A3E8-1C7091DF9C58}
		{7FF8EADD-EA9A-478C-9051-CFBCD50E9D38} = {ABBD41F4-A6FA-41A7-8A7E-3491D54B4B5D}
		{FBD577E5-FC9A-4139-BBA2-91EF26FF8F0D} = {ABBD41F4-A6FA-41A7-8A7E-3491D54B4B5D}
		{17CCF703-79E6-4DE8-9A41-512A1A4A2C20} = {46DA0FB2-36FB-44A5-BA4C-0F47C9842109}
		{0318789C-B1D9-4FF6-8F2C-8467703BB34A} = {46DA0FB2-36FB-44A5-BA4C-0F47C9842109}
		{95028975-0458-46D3-856C-525B33BA5847} = {BE707E6B-D4EF-48E9-9213-0617F92615C2}
		{3DBDF9BD-4930-4D58-A6A1-300AD3F20CA1} = {46DA0FB2-36FB-44A5-BA4C-0F47C9842109}
	EndGlobalSection
	GlobalSection(ProjectConfigurationPlatforms) = postSolution
		{481D410A-8483-4F66-A413-91440B595035}.Debug|Any CPU.ActiveCfg = Debug|Any CPU
		{481D410A-8483-4F66-A413-91440B595035}.Debug|Any CPU.Build.0 = Debug|Any CPU
		{481D410A-8483-4F66-A413-91440B595035}.Release|Any CPU.ActiveCfg = Release|Any CPU
		{481D410A-8483-4F66-A413-91440B595035}.Release|Any CPU.Build.0 = Release|Any CPU
		{4B5026FC-C04A-4143-87A5-C554645B3E7B}.Debug|Any CPU.ActiveCfg = Debug|Any CPU
		{4B5026FC-C04A-4143-87A5-C554645B3E7B}.Debug|Any CPU.Build.0 = Debug|Any CPU
		{4B5026FC-C04A-4143-87A5-C554645B3E7B}.Release|Any CPU.ActiveCfg = Release|Any CPU
		{4B5026FC-C04A-4143-87A5-C554645B3E7B}.Release|Any CPU.Build.0 = Release|Any CPU
		{46835C6E-2DC7-4C5C-A213-1737AE541F5A}.Debug|Any CPU.ActiveCfg = Debug|Any CPU
		{46835C6E-2DC7-4C5C-A213-1737AE541F5A}.Debug|Any CPU.Build.0 = Debug|Any CPU
		{46835C6E-2DC7-4C5C-A213-1737AE541F5A}.Release|Any CPU.ActiveCfg = Release|Any CPU
		{46835C6E-2DC7-4C5C-A213-1737AE541F5A}.Release|Any CPU.Build.0 = Release|Any CPU
		{070D383C-9F04-4252-8ABE-F8F2CDC8062E}.Debug|Any CPU.ActiveCfg = Debug|Any CPU
		{070D383C-9F04-4252-8ABE-F8F2CDC8062E}.Debug|Any CPU.Build.0 = Debug|Any CPU
		{070D383C-9F04-4252-8ABE-F8F2CDC8062E}.Release|Any CPU.ActiveCfg = Release|Any CPU
		{070D383C-9F04-4252-8ABE-F8F2CDC8062E}.Release|Any CPU.Build.0 = Release|Any CPU
		{7FF8EADD-EA9A-478C-9051-CFBCD50E9D38}.Debug|Any CPU.ActiveCfg = Debug|Any CPU
		{7FF8EADD-EA9A-478C-9051-CFBCD50E9D38}.Debug|Any CPU.Build.0 = Debug|Any CPU
		{7FF8EADD-EA9A-478C-9051-CFBCD50E9D38}.Release|Any CPU.ActiveCfg = Release|Any CPU
		{7FF8EADD-EA9A-478C-9051-CFBCD50E9D38}.Release|Any CPU.Build.0 = Release|Any CPU
		{FBD577E5-FC9A-4139-BBA2-91EF26FF8F0D}.Debug|Any CPU.ActiveCfg = Debug|Any CPU
		{FBD577E5-FC9A-4139-BBA2-91EF26FF8F0D}.Debug|Any CPU.Build.0 = Debug|Any CPU
		{FBD577E5-FC9A-4139-BBA2-91EF26FF8F0D}.Release|Any CPU.ActiveCfg = Release|Any CPU
		{FBD577E5-FC9A-4139-BBA2-91EF26FF8F0D}.Release|Any CPU.Build.0 = Release|Any CPU
		{17CCF703-79E6-4DE8-9A41-512A1A4A2C20}.Debug|Any CPU.ActiveCfg = Debug|Any CPU
		{17CCF703-79E6-4DE8-9A41-512A1A4A2C20}.Debug|Any CPU.Build.0 = Debug|Any CPU
		{17CCF703-79E6-4DE8-9A41-512A1A4A2C20}.Release|Any CPU.ActiveCfg = Release|Any CPU
		{17CCF703-79E6-4DE8-9A41-512A1A4A2C20}.Release|Any CPU.Build.0 = Release|Any CPU
		{0318789C-B1D9-4FF6-8F2C-8467703BB34A}.Debug|Any CPU.ActiveCfg = Debug|Any CPU
		{0318789C-B1D9-4FF6-8F2C-8467703BB34A}.Debug|Any CPU.Build.0 = Debug|Any CPU
		{0318789C-B1D9-4FF6-8F2C-8467703BB34A}.Release|Any CPU.ActiveCfg = Release|Any CPU
		{0318789C-B1D9-4FF6-8F2C-8467703BB34A}.Release|Any CPU.Build.0 = Release|Any CPU
		{95028975-0458-46D3-856C-525B33BA5847}.Debug|Any CPU.ActiveCfg = Debug|Any CPU
		{95028975-0458-46D3-856C-525B33BA5847}.Debug|Any CPU.Build.0 = Debug|Any CPU
		{95028975-0458-46D3-856C-525B33BA5847}.Release|Any CPU.ActiveCfg = Release|Any CPU
		{95028975-0458-46D3-856C-525B33BA5847}.Release|Any CPU.Build.0 = Release|Any CPU
		{3DBDF9BD-4930-4D58-A6A1-300AD3F20CA1}.Debug|Any CPU.ActiveCfg = Debug|Any CPU
		{3DBDF9BD-4930-4D58-A6A1-300AD3F20CA1}.Debug|Any CPU.Build.0 = Debug|Any CPU
		{3DBDF9BD-4930-4D58-A6A1-300AD3F20CA1}.Release|Any CPU.ActiveCfg = Release|Any CPU
		{3DBDF9BD-4930-4D58-A6A1-300AD3F20CA1}.Release|Any CPU.Build.0 = Release|Any CPU
	EndGlobalSection
EndGlobal
